
Microsoft Visual Studio Solution File, Format Version 12.00
# Visual Studio Version 18
VisualStudioVersion = 18.0.11222.15
MinimumVisualStudioVersion = 10.0.40219.1
Project("{FAE04EC0-301F-11D3-BF4B-00C04F79EFBC}") = "StempelApp", "StempelApp.csproj", "{0E8F685C-5D42-0B32-657F-4E8531146D28}"
EndProject
Project("{FAE04EC0-301F-11D3-BF4B-00C04F79EFBC}") = "StempelAppLib", "..\StempelAppLib\StempelAppLib.csproj", "{DBDE23B6-D373-C129-DE5C-1A3679CC3241}"
EndProject
Project("{FAE04EC0-301F-11D3-BF4B-00C04F79EFBC}") = "StempelAppData", "..\StempelAppData\StempelAppData.csproj", "{0882E06F-D9FB-3EB1-8255-E2E143531CB6}"
EndProject
Project("{FAE04EC0-301F-11D3-BF4B-00C04F79EFBC}") = "StempelAppCore", "..\backendApi\StempelAppCore.csproj", "{EC8BA0E3-C5F1-FA11-91CC-41B014428D92}"
EndProject
Global
	GlobalSection(SolutionConfigurationPlatforms) = preSolution
		Debug|Any CPU = Debug|Any CPU
		Release|Any CPU = Release|Any CPU
	EndGlobalSection
	GlobalSection(ProjectConfigurationPlatforms) = postSolution
		{0E8F685C-5D42-0B32-657F-4E8531146D28}.Debug|Any CPU.ActiveCfg = Debug|Any CPU
		{0E8F685C-5D42-0B32-657F-4E8531146D28}.Debug|Any CPU.Build.0 = Debug|Any CPU
		{0E8F685C-5D42-0B32-657F-4E8531146D28}.Release|Any CPU.ActiveCfg = Release|Any CPU
		{0E8F685C-5D42-0B32-657F-4E8531146D28}.Release|Any CPU.Build.0 = Release|Any CPU
		{DBDE23B6-D373-C129-DE5C-1A3679CC3241}.Debug|Any CPU.ActiveCfg = Debug|Any CPU
		{DBDE23B6-D373-C129-DE5C-1A3679CC3241}.Release|Any CPU.ActiveCfg = Release|Any CPU
		{DBDE23B6-D373-C129-DE5C-1A3679CC3241}.Release|Any CPU.Build.0 = Release|Any CPU
		{0882E06F-D9FB-3EB1-8255-E2E143531CB6}.Debug|Any CPU.ActiveCfg = Debug|Any CPU
		{0882E06F-D9FB-3EB1-8255-E2E143531CB6}.Release|Any CPU.ActiveCfg = Release|Any CPU
		{0882E06F-D9FB-3EB1-8255-E2E143531CB6}.Release|Any CPU.Build.0 = Release|Any CPU
		{EC8BA0E3-C5F1-FA11-91CC-41B014428D92}.Debug|Any CPU.ActiveCfg = Debug|Any CPU
		{EC8BA0E3-C5F1-FA11-91CC-41B014428D92}.Release|Any CPU.ActiveCfg = Release|Any CPU
		{EC8BA0E3-C5F1-FA11-91CC-41B014428D92}.Release|Any CPU.Build.0 = Release|Any CPU
	EndGlobalSection
	GlobalSection(SolutionProperties) = preSolution
		HideSolutionNode = FALSE
	EndGlobalSection
	GlobalSection(ExtensibilityGlobals) = postSolution
		SolutionGuid = {E80B3373-1B19-4C30-B533-52F29BA136DF}
	EndGlobalSection
EndGlobal
