
Microsoft Visual Studio Solution File, Format Version 12.00
# Visual Studio Version 17
VisualStudioVersion = 17.14.36429.23
MinimumVisualStudioVersion = 10.0.40219.1
Project("{FAE04EC0-301F-11D3-BF4B-00C04F79EFBC}") = "StempelAppCore", "StempelAppCore.csproj", "{8A2EF7ED-ECD9-92DE-1785-D4AC8FCCE811}"
EndProject
Project("{FAE04EC0-301F-11D3-BF4B-00C04F79EFBC}") = "StempelAppLib", "..\StempelAppLib\StempelAppLib.csproj", "{1D8E88F6-6695-4C7F-8649-BD7A8D7DEBE9}"
EndProject
Project("{FAE04EC0-301F-11D3-BF4B-00C04F79EFBC}") = "StempelAppWebApi", "..\StempelAppWebApi\StempelAppWebApi.csproj", "{D0D5D1BE-4B35-4D97-AB3C-8AC5AA2ED45E}"
EndProject
Project("{FAE04EC0-301F-11D3-BF4B-00C04F79EFBC}") = "StempelAppData", "..\ClassLibrary1\StempelAppData.csproj", "{A08167FD-A1F1-4C92-A5D6-77053BF09591}"
EndProject
Global
	GlobalSection(SolutionConfigurationPlatforms) = preSolution
		Debug|Any CPU = Debug|Any CPU
		Release|Any CPU = Release|Any CPU
	EndGlobalSection
	GlobalSection(ProjectConfigurationPlatforms) = postSolution
		{8A2EF7ED-ECD9-92DE-1785-D4AC8FCCE811}.Debug|Any CPU.ActiveCfg = Debug|Any CPU
		{8A2EF7ED-ECD9-92DE-1785-D4AC8FCCE811}.Debug|Any CPU.Build.0 = Debug|Any CPU
		{8A2EF7ED-ECD9-92DE-1785-D4AC8FCCE811}.Release|Any CPU.ActiveCfg = Release|Any CPU
		{8A2EF7ED-ECD9-92DE-1785-D4AC8FCCE811}.Release|Any CPU.Build.0 = Release|Any CPU
		{1D8E88F6-6695-4C7F-8649-BD7A8D7DEBE9}.Debug|Any CPU.ActiveCfg = Debug|Any CPU
		{1D8E88F6-6695-4C7F-8649-BD7A8D7DEBE9}.Debug|Any CPU.Build.0 = Debug|Any CPU
		{1D8E88F6-6695-4C7F-8649-BD7A8D7DEBE9}.Release|Any CPU.ActiveCfg = Release|Any CPU
		{1D8E88F6-6695-4C7F-8649-BD7A8D7DEBE9}.Release|Any CPU.Build.0 = Release|Any CPU
		{D0D5D1BE-4B35-4D97-AB3C-8AC5AA2ED45E}.Debug|Any CPU.ActiveCfg = Debug|Any CPU
		{D0D5D1BE-4B35-4D97-AB3C-8AC5AA2ED45E}.Debug|Any CPU.Build.0 = Debug|Any CPU
		{D0D5D1BE-4B35-4D97-AB3C-8AC5AA2ED45E}.Release|Any CPU.ActiveCfg = Release|Any CPU
		{D0D5D1BE-4B35-4D97-AB3C-8AC5AA2ED45E}.Release|Any CPU.Build.0 = Release|Any CPU
		{A08167FD-A1F1-4C92-A5D6-77053BF09591}.Debug|Any CPU.ActiveCfg = Debug|Any CPU
		{A08167FD-A1F1-4C92-A5D6-77053BF09591}.Debug|Any CPU.Build.0 = Debug|Any CPU
		{A08167FD-A1F1-4C92-A5D6-77053BF09591}.Release|Any CPU.ActiveCfg = Release|Any CPU
		{A08167FD-A1F1-4C92-A5D6-77053BF09591}.Release|Any CPU.Build.0 = Release|Any CPU
	EndGlobalSection
	GlobalSection(SolutionProperties) = preSolution
		HideSolutionNode = FALSE
	EndGlobalSection
	GlobalSection(ExtensibilityGlobals) = postSolution
		SolutionGuid = {3BBC06B7-0E72-4B7D-AE33-061291E01B5C}
	EndGlobalSection
EndGlobal
